PODS:
  - ETNavBarTransparent (1.1.3)
  - HandyJSON (5.0.2)
  - Kingfisher (6.3.1)
  - MJRefresh (3.7.5)
  - QSExtensions (2.1.3):
    - QSExtensions/Namespace (= 2.1.3)
    - QSExtensions/Qs (= 2.1.3)
    - QSExtensions/Rx (= 2.1.3)
    - QSExtensions/Setting (= 2.1.3)
    - QSExtensions/View (= 2.1.3)
  - QSExtensions/Namespace (2.1.3)
  - QSExtensions/Qs (2.1.3):
    - ETNavBarTransparent
    - Kingfisher
    - RxCocoa
    - RxSwift
  - QSExtensions/Rx (2.1.3):
    - HandyJSON
    - MJRefresh
    - RxCocoa
    - RxSwift
  - QSExtensions/Setting (2.1.3):
    - QSExtensions/Qs
    - RxCocoa
    - RxSwift
  - QSExtensions/View (2.1.3):
    - QSExtensions/Namespace
    - QSExtensions/Qs
    - QSExtensions/Setting
    - SnapKit
  - RxCocoa (6.5.0):
    - RxRelay (= 6.5.0)
    - RxSwift (= 6.5.0)
  - RxRelay (6.5.0):
    - RxSwift (= 6.5.0)
  - RxSwift (6.5.0)
  - SnapKit (5.6.0)

DEPENDENCIES:
  - Kingfisher
  - QSExtensions
  - SnapKit

SPEC REPOS:
  trunk:
    - ETNavBarTransparent
    - HandyJSON
    - Kingfisher
    - MJRefresh
    - QSExtensions
    - RxCocoa
    - RxRelay
    - RxSwift
    - SnapKit

SPEC CHECKSUMS:
  ETNavBarTransparent: dd05fd593b31d5d786e05631149ceea1e13b30ef
  HandyJSON: 9e4e236f5d2dbefad5155a77417bbea438201c03
  Kingfisher: 016c8b653a35add51dd34a3aba36b580041acc74
  MJRefresh: fdf5e979eb406a0341468932d1dfc8b7f9fce961
  QSExtensions: f3b18545468646e4629655e397e3da4223f67d3c
  RxCocoa: 94f817b71c07517321eb4f9ad299112ca8af743b
  RxRelay: 1de1523e604c72b6c68feadedd1af3b1b4d0ecbd
  RxSwift: 5710a9e6b17f3c3d6e40d6e559b9fa1e813b2ef8
  SnapKit: e01d52ebb8ddbc333eefe2132acf85c8227d9c25

PODFILE CHECKSUM: d3feae6427d8c6f504ac7ec5217b0f26c3c5a784

COCOAPODS: 1.11.3
